
Microsoft Visual Studio Solution File, Format Version 12.00
# Visual Studio Version 17
VisualStudioVersion = 17.3.32929.385
MinimumVisualStudioVersion = 10.0.40219.1
Project("{9A19103F-16F7-4668-BE54-9A1E7A4F7556}") = "Depreciacion_PaolaPadilla", "Depreciacion_PaolaPadilla\Depreciacion_PaolaPadilla.csproj", "{C6F8B24A-47AD-460F-A370-1B78DFA3C62E}"
EndProject
Global
	GlobalSection(SolutionConfigurationPlatforms) = preSolution
		Debug|Any CPU = Debug|Any CPU
		Release|Any CPU = Release|Any CPU
	EndGlobalSection
	GlobalSection(ProjectConfigurationPlatforms) = postSolution
		{C6F8B24A-47AD-460F-A370-1B78DFA3C62E}.Debug|Any CPU.ActiveCfg = Debug|Any CPU
		{C6F8B24A-47AD-460F-A370-1B78DFA3C62E}.Debug|Any CPU.Build.0 = Debug|Any CPU
		{C6F8B24A-47AD-460F-A370-1B78DFA3C62E}.Release|Any CPU.ActiveCfg = Release|Any CPU
		{C6F8B24A-47AD-460F-A370-1B78DFA3C62E}.Release|Any CPU.Build.0 = Release|Any CPU
	EndGlobalSection
	GlobalSection(SolutionProperties) = preSolution
		HideSolutionNode = FALSE
	EndGlobalSection
	GlobalSection(ExtensibilityGlobals) = postSolution
		SolutionGuid = {66507A27-72BC-4062-AA94-0E8FE5DAD2F9}
	EndGlobalSection
EndGlobal
